NeoBundleLock YouCompleteMe 5198fd9a09960b9a1919ef2400007f9bfab33a65
NeoBundleLock ctrlp.vim 564176f01d7f3f7f8ab452ff4e1f5314de7b0981
NeoBundleLock indentline 273ad7b93fb2e1cf516d6d54eb0feb8c92a9c2af
NeoBundleLock jedi-vim eef60e056a621e256cf4c1c9e91a397b454e3ede
NeoBundleLock neobundle.vim c6fa48cd665071b7a4dbf5ab53f48cd5884716ee
NeoBundleLock nerdtree 45f4d61f04e7ef33360f7735931da9ea2ebc05e0
NeoBundleLock python-mode 2f850dcf506af85be22365aebda6ff737e5f004e
NeoBundleLock vim-airline 13bd4701ed8ef57150f2d4f56122cd11ecf39345
NeoBundleLock vim-airline-themes 66c2839bb1126c71a0a2d1da9804161ccd3b78b6
NeoBundleLock vim-colors-solarized 528a59f26d12278698bb946f8fb82a63711eec21
NeoBundleLock vim-colorscheme-switcher 4d9807a5a8948c18b5f3f278685269565c8e2508
NeoBundleLock vim-colorschemes b8dff40f69f1873effbed97c759a8452ecb240ed
NeoBundleLock vim-misc 3e6b8fb6f03f13434543ce1f5d24f6a5d3f34f0b
NeoBundleLock vim-polyglot ef369d45a505403587ea0bae30ce6768ba51398c
